
Microsoft Visual Studio Solution File, Format Version 12.00
# Visual Studio 14
VisualStudioVersion = 14.0.24720.0
MinimumVisualStudioVersion = 10.0.40219.1
Project("{8BC9CEB8-8B4A-11D0-8D11-00A0C91BC942}") = "DirectX11Engine", "DirectX11Engine\DirectX11Engine.vcxproj", "{27531EE6-8EF6-45DB-905C-EF4FB9CD067E}"
EndProject
Project("{8BC9CEB8-8B4A-11D0-8D11-00A0C91BC942}") = "DirectXTex", "DirectXTex\DirectXTex\DirectXTex_Desktop_2015.vcxproj", "{371B9FA9-4C90-4AC6-A123-ACED756D6C77}"
EndProject
Project("{8BC9CEB8-8B4A-11D0-8D11-00A0C91BC942}") = "TestProjectSponza", "TestProject\TestProject.vcxproj", "{ACFC5196-7A39-4784-9D80-D4229677B064}"
EndProject
Project("{8BC9CEB8-8B4A-11D0-8D11-00A0C91BC942}") = "DirectXTK_Desktop_2015", "DirectXTK-master\DirectXTK_Desktop_2015.vcxproj", "{E0B52AE7-E160-4D32-BF3F-910B785E5A8E}"
EndProject
Project("{2150E333-8FDC-42A3-9474-1A3956D46DE8}") = "Solution Items", "Solution Items", "{78DDBCEE-1227-4CD6-AD78-C46CFAE68AE5}"
	ProjectSection(SolutionItems) = preProject
		Performance1.psess = Performance1.psess
	EndProjectSection
EndProject
Project("{8BC9CEB8-8B4A-11D0-8D11-00A0C91BC942}") = "ComputeShader", "ComputeShader\ComputeShader.vcxproj", "{2E9F954B-3681-4011-A622-9267CB2883A9}"
EndProject
Project("{8BC9CEB8-8B4A-11D0-8D11-00A0C91BC942}") = "TestProjectSanMiguel", "TestProjectSanMiguel\TestProjectSanMiguel.vcxproj", "{19053F6C-6BBC-4773-9C73-70B90A6C2A0E}"
EndProject
Global
	GlobalSection(Performance) = preSolution
		HasPerformanceSessions = true
	EndGlobalSection
	GlobalSection(SolutionConfigurationPlatforms) = preSolution
		Debug|x64 = Debug|x64
		Debug|x86 = Debug|x86
		Profile|x64 = Profile|x64
		Profile|x86 = Profile|x86
		Release|x64 = Release|x64
		Release|x86 = Release|x86
	EndGlobalSection
	GlobalSection(ProjectConfigurationPlatforms) = postSolution
		{27531EE6-8EF6-45DB-905C-EF4FB9CD067E}.Debug|x64.ActiveCfg = Debug|x64
		{27531EE6-8EF6-45DB-905C-EF4FB9CD067E}.Debug|x64.Build.0 = Debug|x64
		{27531EE6-8EF6-45DB-905C-EF4FB9CD067E}.Debug|x86.ActiveCfg = Debug|Win32
		{27531EE6-8EF6-45DB-905C-EF4FB9CD067E}.Debug|x86.Build.0 = Debug|Win32
		{27531EE6-8EF6-45DB-905C-EF4FB9CD067E}.Profile|x64.ActiveCfg = Debug|x64
		{27531EE6-8EF6-45DB-905C-EF4FB9CD067E}.Profile|x64.Build.0 = Debug|x64
		{27531EE6-8EF6-45DB-905C-EF4FB9CD067E}.Profile|x86.ActiveCfg = Release|Win32
		{27531EE6-8EF6-45DB-905C-EF4FB9CD067E}.Profile|x86.Build.0 = Release|Win32
		{27531EE6-8EF6-45DB-905C-EF4FB9CD067E}.Release|x64.ActiveCfg = Release|x64
		{27531EE6-8EF6-45DB-905C-EF4FB9CD067E}.Release|x64.Build.0 = Release|x64
		{27531EE6-8EF6-45DB-905C-EF4FB9CD067E}.Release|x86.ActiveCfg = Release|Win32
		{27531EE6-8EF6-45DB-905C-EF4FB9CD067E}.Release|x86.Build.0 = Release|Win32
		{371B9FA9-4C90-4AC6-A123-ACED756D6C77}.Debug|x64.ActiveCfg = Debug|x64
		{371B9FA9-4C90-4AC6-A123-ACED756D6C77}.Debug|x64.Build.0 = Debug|x64
		{371B9FA9-4C90-4AC6-A123-ACED756D6C77}.Debug|x86.ActiveCfg = Debug|Win32
		{371B9FA9-4C90-4AC6-A123-ACED756D6C77}.Debug|x86.Build.0 = Debug|Win32
		{371B9FA9-4C90-4AC6-A123-ACED756D6C77}.Profile|x64.ActiveCfg = Profile|x64
		{371B9FA9-4C90-4AC6-A123-ACED756D6C77}.Profile|x64.Build.0 = Profile|x64
		{371B9FA9-4C90-4AC6-A123-ACED756D6C77}.Profile|x86.ActiveCfg = Profile|Win32
		{371B9FA9-4C90-4AC6-A123-ACED756D6C77}.Profile|x86.Build.0 = Profile|Win32
		{371B9FA9-4C90-4AC6-A123-ACED756D6C77}.Release|x64.ActiveCfg = Release|x64
		{371B9FA9-4C90-4AC6-A123-ACED756D6C77}.Release|x64.Build.0 = Release|x64
		{371B9FA9-4C90-4AC6-A123-ACED756D6C77}.Release|x86.ActiveCfg = Release|Win32
		{371B9FA9-4C90-4AC6-A123-ACED756D6C77}.Release|x86.Build.0 = Release|Win32
		{ACFC5196-7A39-4784-9D80-D4229677B064}.Debug|x64.ActiveCfg = Debug|x64
		{ACFC5196-7A39-4784-9D80-D4229677B064}.Debug|x64.Build.0 = Debug|x64
		{ACFC5196-7A39-4784-9D80-D4229677B064}.Debug|x86.ActiveCfg = Debug|Win32
		{ACFC5196-7A39-4784-9D80-D4229677B064}.Debug|x86.Build.0 = Debug|Win32
		{ACFC5196-7A39-4784-9D80-D4229677B064}.Profile|x64.ActiveCfg = Release|x64
		{ACFC5196-7A39-4784-9D80-D4229677B064}.Profile|x64.Build.0 = Release|x64
		{ACFC5196-7A39-4784-9D80-D4229677B064}.Profile|x86.ActiveCfg = Release|Win32
		{ACFC5196-7A39-4784-9D80-D4229677B064}.Profile|x86.Build.0 = Release|Win32
		{ACFC5196-7A39-4784-9D80-D4229677B064}.Release|x64.ActiveCfg = Release|x64
		{ACFC5196-7A39-4784-9D80-D4229677B064}.Release|x64.Build.0 = Release|x64
		{ACFC5196-7A39-4784-9D80-D4229677B064}.Release|x86.ActiveCfg = Release|Win32
		{ACFC5196-7A39-4784-9D80-D4229677B064}.Release|x86.Build.0 = Release|Win32
		{E0B52AE7-E160-4D32-BF3F-910B785E5A8E}.Debug|x64.ActiveCfg = Debug|x64
		{E0B52AE7-E160-4D32-BF3F-910B785E5A8E}.Debug|x64.Build.0 = Debug|x64
		{E0B52AE7-E160-4D32-BF3F-910B785E5A8E}.Debug|x86.ActiveCfg = Debug|Win32
		{E0B52AE7-E160-4D32-BF3F-910B785E5A8E}.Debug|x86.Build.0 = Debug|Win32
		{E0B52AE7-E160-4D32-BF3F-910B785E5A8E}.Profile|x64.ActiveCfg = Release|x64
		{E0B52AE7-E160-4D32-BF3F-910B785E5A8E}.Profile|x64.Build.0 = Release|x64
		{E0B52AE7-E160-4D32-BF3F-910B785E5A8E}.Profile|x86.ActiveCfg = Release|Win32
		{E0B52AE7-E160-4D32-BF3F-910B785E5A8E}.Profile|x86.Build.0 = Release|Win32
		{E0B52AE7-E160-4D32-BF3F-910B785E5A8E}.Release|x64.ActiveCfg = Release|x64
		{E0B52AE7-E160-4D32-BF3F-910B785E5A8E}.Release|x64.Build.0 = Release|x64
		{E0B52AE7-E160-4D32-BF3F-910B785E5A8E}.Release|x86.ActiveCfg = Release|Win32
		{E0B52AE7-E160-4D32-BF3F-910B785E5A8E}.Release|x86.Build.0 = Release|Win32
		{2E9F954B-3681-4011-A622-9267CB2883A9}.Debug|x64.ActiveCfg = Debug|x64
		{2E9F954B-3681-4011-A622-9267CB2883A9}.Debug|x64.Build.0 = Debug|x64
		{2E9F954B-3681-4011-A622-9267CB2883A9}.Debug|x86.ActiveCfg = Debug|Win32
		{2E9F954B-3681-4011-A622-9267CB2883A9}.Debug|x86.Build.0 = Debug|Win32
		{2E9F954B-3681-4011-A622-9267CB2883A9}.Profile|x64.ActiveCfg = Release|x64
		{2E9F954B-3681-4011-A622-9267CB2883A9}.Profile|x64.Build.0 = Release|x64
		{2E9F954B-3681-4011-A622-9267CB2883A9}.Profile|x86.ActiveCfg = Release|Win32
		{2E9F954B-3681-4011-A622-9267CB2883A9}.Profile|x86.Build.0 = Release|Win32
		{2E9F954B-3681-4011-A622-9267CB2883A9}.Release|x64.ActiveCfg = Release|x64
		{2E9F954B-3681-4011-A622-9267CB2883A9}.Release|x64.Build.0 = Release|x64
		{2E9F954B-3681-4011-A622-9267CB2883A9}.Release|x86.ActiveCfg = Release|Win32
		{2E9F954B-3681-4011-A622-9267CB2883A9}.Release|x86.Build.0 = Release|Win32
		{19053F6C-6BBC-4773-9C73-70B90A6C2A0E}.Debug|x64.ActiveCfg = Debug|x64
		{19053F6C-6BBC-4773-9C73-70B90A6C2A0E}.Debug|x64.Build.0 = Debug|x64
		{19053F6C-6BBC-4773-9C73-70B90A6C2A0E}.Debug|x86.ActiveCfg = Debug|Win32
		{19053F6C-6BBC-4773-9C73-70B90A6C2A0E}.Debug|x86.Build.0 = Debug|Win32
		{19053F6C-6BBC-4773-9C73-70B90A6C2A0E}.Profile|x64.ActiveCfg = Release|x64
		{19053F6C-6BBC-4773-9C73-70B90A6C2A0E}.Profile|x64.Build.0 = Release|x64
		{19053F6C-6BBC-4773-9C73-70B90A6C2A0E}.Profile|x86.ActiveCfg = Release|Win32
		{19053F6C-6BBC-4773-9C73-70B90A6C2A0E}.Profile|x86.Build.0 = Release|Win32
		{19053F6C-6BBC-4773-9C73-70B90A6C2A0E}.Release|x64.ActiveCfg = Release|x64
		{19053F6C-6BBC-4773-9C73-70B90A6C2A0E}.Release|x64.Build.0 = Release|x64
		{19053F6C-6BBC-4773-9C73-70B90A6C2A0E}.Release|x86.ActiveCfg = Release|Win32
		{19053F6C-6BBC-4773-9C73-70B90A6C2A0E}.Release|x86.Build.0 = Release|Win32
	EndGlobalSection
	GlobalSection(SolutionProperties) = preSolution
		HideSolutionNode = FALSE
	EndGlobalSection
EndGlobal
