<?xml version="1.0" encoding="utf-8"?>
<Project ToolsVersion="4.0" xmlns="http://schemas.microsoft.com/developer/msbuild/2003">
  <ItemGroup>
    <ClCompile Include="SystemClass.cpp" />
    <ClCompile Include="InputClass.cpp" />
    <ClCompile Include="D3DClass.cpp" />
    <ClCompile Include="SimpleMesh.cpp" />
    <ClCompile Include="Texture.cpp" />
    <ClCompile Include="Camera.cpp" />
    <ClCompile Include="ObjParser.cpp" />
    <ClCompile Include="Utility.cpp" />
    <ClCompile Include="OutlineShader.cpp" />
    <ClCompile Include="Frustum.cpp" />
    <ClCompile Include="Shader.cpp" />
    <ClCompile Include="Renderer.cpp" />
    <ClCompile Include="ResourceAllocator.cpp" />
    <ClCompile Include="PointSprite.cpp" />
    <ClCompile Include="ComputeShader.cpp" />
    <ClCompile Include="OrthoShader.cpp" />
    <ClCompile Include="TextBox.cpp" />
  </ItemGroup>
  <ItemGroup>
    <ClInclude Include="SystemClass.h" />
    <ClInclude Include="InputClass.h" />
    <ClInclude Include="D3DClass.h" />
    <ClInclude Include="SimpleMesh.h" />
    <ClInclude Include="Texture.h" />
    <ClInclude Include="Camera.h" />
    <ClInclude Include="ObjParser.h" />
    <ClInclude Include="BaseApp.h" />
    <ClInclude Include="Utility.h" />
    <ClInclude Include="OutlineShader.h" />
    <ClInclude Include="Frustum.h" />
    <ClInclude Include="Shader.h" />
    <ClInclude Include="Renderer.h" />
    <ClInclude Include="ResourceAllocator.h" />
    <ClInclude Include="PointSprite.h" />
    <ClInclude Include="ComputeShader.h" />
    <ClInclude Include="OrthoShader.h" />
    <ClInclude Include="TextBox.h" />
  </ItemGroup>
  <ItemGroup>
    <Filter Include="Shaders">
      <UniqueIdentifier>{fa9405cd-48e0-4332-88cc-ae0e97ab29cc}</UniqueIdentifier>
    </Filter>
  </ItemGroup>
  <ItemGroup>
    <FxCompile Include="OutlinePixelShader.hlsl">
      <Filter>Shaders</Filter>
    </FxCompile>
    <FxCompile Include="OutlineVertexShader.hlsl">
      <Filter>Shaders</Filter>
    </FxCompile>
    <FxCompile Include="OrthoPixelShader.hlsl">
      <Filter>Shaders</Filter>
    </FxCompile>
    <FxCompile Include="OrthoVertexShader.hlsl">
      <Filter>Shaders</Filter>
    </FxCompile>
  </ItemGroup>
</Project>