<?xml version="1.0" encoding="utf-8"?>
<Project ToolsVersion="4.0" xmlns="http://schemas.microsoft.com/developer/msbuild/2003">
  <ItemGroup>
    <ClCompile Include="main.cpp" />
    <ClCompile Include="TestApp.cpp" />
    <ClCompile Include="DefaultDiffuseShader.cpp" />
    <ClCompile Include="SpecMapShader.cpp" />
  </ItemGroup>
  <ItemGroup>
    <ClInclude Include="TestApp.h" />
    <ClInclude Include="Defines.h" />
    <ClInclude Include="DefaultDiffuseShader.h" />
    <ClInclude Include="SpecMapShader.h" />
  </ItemGroup>
  <ItemGroup>
    <Filter Include="Shaders">
      <UniqueIdentifier>{9a858931-4ba1-458e-8a92-1654a809e4ba}</UniqueIdentifier>
    </Filter>
  </ItemGroup>
  <ItemGroup>
    <FxCompile Include="SimplePixelShader.hlsl">
      <Filter>Shaders</Filter>
    </FxCompile>
    <FxCompile Include="SimpleVertexShader.hlsl">
      <Filter>Shaders</Filter>
    </FxCompile>
    <FxCompile Include="SpecMapVertexShader.hlsl">
      <Filter>Shaders</Filter>
    </FxCompile>
    <FxCompile Include="SpecMapPixelShader.hlsl">
      <Filter>Shaders</Filter>
    </FxCompile>
  </ItemGroup>
</Project>